
Microsoft Visual Studio Solution File, Format Version 12.00
# Visual Studio 15
VisualStudioVersion = 15.0.28307.168
MinimumVisualStudioVersion = 10.0.40219.1
Project("{FAE04EC0-301F-11D3-BF4B-00C04F79EFBC}") = "{{cookiecutter.library_name}}", "{{cookiecutter.library_name}}\{{cookiecutter.library_name}}.csproj", "{97EBFE24-9623-4700-9A83-581DEBEDC8B6}"
EndProject
Project("{FAE04EC0-301F-11D3-BF4B-00C04F79EFBC}") = "{{cookiecutter.library_name}}.Test", "{{cookiecutter.library_name}}.Test\{{cookiecutter.library_name}}.Test.csproj", "{29733059-1B84-4398-9520-513913BB8BBC}"
EndProject
Project("{2150E333-8FDC-42A3-9474-1A3956D46DE8}") = "Solution Items", "Solution Items", "{F5AA9C35-2142-4582-8E26-7CE49673C5AB}"
	ProjectSection(SolutionItems) = preProject
		.gitignore = .gitignore
		rakefile.rb = rakefile.rb
	EndProjectSection
EndProject
Global
	GlobalSection(SolutionConfigurationPlatforms) = preSolution
		Debug|Any CPU = Debug|Any CPU
		Release|Any CPU = Release|Any CPU
	EndGlobalSection
	GlobalSection(ProjectConfigurationPlatforms) = postSolution
		{97EBFE24-9623-4700-9A83-581DEBEDC8B6}.Debug|Any CPU.ActiveCfg = Debug|Any CPU
		{97EBFE24-9623-4700-9A83-581DEBEDC8B6}.Debug|Any CPU.Build.0 = Debug|Any CPU
		{97EBFE24-9623-4700-9A83-581DEBEDC8B6}.Release|Any CPU.ActiveCfg = Release|Any CPU
		{97EBFE24-9623-4700-9A83-581DEBEDC8B6}.Release|Any CPU.Build.0 = Release|Any CPU
		{29733059-1B84-4398-9520-513913BB8BBC}.Debug|Any CPU.ActiveCfg = Debug|Any CPU
		{29733059-1B84-4398-9520-513913BB8BBC}.Debug|Any CPU.Build.0 = Debug|Any CPU
		{29733059-1B84-4398-9520-513913BB8BBC}.Release|Any CPU.ActiveCfg = Release|Any CPU
		{29733059-1B84-4398-9520-513913BB8BBC}.Release|Any CPU.Build.0 = Release|Any CPU
	EndGlobalSection
	GlobalSection(SolutionProperties) = preSolution
		HideSolutionNode = FALSE
	EndGlobalSection
	GlobalSection(ExtensibilityGlobals) = postSolution
		SolutionGuid = {EA2200AF-66A4-40BC-B270-741EBBC9C61E}
	EndGlobalSection
EndGlobal
